
Microsoft Visual Studio Solution File, Format Version 12.00
# Visual Studio 15
Project("{FAE04EC0-301F-11D3-BF4B-00C04F79EFBC}") = "test", "test\test.csproj", "{00607045-DADA-4BF7-A900-71A67EAE2CBD}"
EndProject
Global
	GlobalSection(SolutionConfigurationPlatforms) = preSolution
		Debug|anycpu = Debug|anycpu
		Release|anycpu = Release|anycpu
	EndGlobalSection
	GlobalSection(ProjectConfigurationPlatforms) = postSolution
		{00607045-DADA-4BF7-A900-71A67EAE2CBD}.Debug|anycpu.ActiveCfg = Debug|anycpu
		{00607045-DADA-4BF7-A900-71A67EAE2CBD}.Debug|anycpu.Build.0 = Debug|anycpu
		{00607045-DADA-4BF7-A900-71A67EAE2CBD}.Release|anycpu.ActiveCfg = Release|anycpu
		{00607045-DADA-4BF7-A900-71A67EAE2CBD}.Release|anycpu.Build.0 = Release|anycpu
	EndGlobalSection
EndGlobal
