
Microsoft Visual Studio Solution File, Format Version 12.00
# Visual Studio 15
Project("{FAE04EC0-301F-11D3-BF4B-00C04F79EFBC}") = "project_4-3_tip_calculator", "project_4-3_tip_calculator\project_4-3_tip_calculator.csproj", "{3CED5062-4BB4-403C-93BC-1DF22E25B096}"
EndProject
Global
	GlobalSection(SolutionConfigurationPlatforms) = preSolution
		Debug|Any CPU = Debug|Any CPU
		Release|Any CPU = Release|Any CPU
	EndGlobalSection
	GlobalSection(ProjectConfigurationPlatforms) = postSolution
		{3CED5062-4BB4-403C-93BC-1DF22E25B096}.Debug|Any CPU.ActiveCfg = Debug|Any CPU
		{3CED5062-4BB4-403C-93BC-1DF22E25B096}.Debug|Any CPU.Build.0 = Debug|Any CPU
		{3CED5062-4BB4-403C-93BC-1DF22E25B096}.Release|Any CPU.ActiveCfg = Release|Any CPU
		{3CED5062-4BB4-403C-93BC-1DF22E25B096}.Release|Any CPU.Build.0 = Release|Any CPU
	EndGlobalSection
EndGlobal
