
Microsoft Visual Studio Solution File, Format Version 12.00
# Visual Studio 15
Project("{FAE04EC0-301F-11D3-BF4B-00C04F79EFBC}") = "ch22-grade-converter", "ch22-grade-converter\ch22-grade-converter.csproj", "{3476C4B0-7B46-42FB-8637-631C1A2664A9}"
EndProject
Global
	GlobalSection(SolutionConfigurationPlatforms) = preSolution
		Debug|Any CPU = Debug|Any CPU
		Release|Any CPU = Release|Any CPU
	EndGlobalSection
	GlobalSection(ProjectConfigurationPlatforms) = postSolution
		{3476C4B0-7B46-42FB-8637-631C1A2664A9}.Debug|Any CPU.ActiveCfg = Debug|Any CPU
		{3476C4B0-7B46-42FB-8637-631C1A2664A9}.Debug|Any CPU.Build.0 = Debug|Any CPU
		{3476C4B0-7B46-42FB-8637-631C1A2664A9}.Release|Any CPU.ActiveCfg = Release|Any CPU
		{3476C4B0-7B46-42FB-8637-631C1A2664A9}.Release|Any CPU.Build.0 = Release|Any CPU
	EndGlobalSection
EndGlobal
