
Microsoft Visual Studio Solution File, Format Version 12.00
# Visual Studio 15
Project("{FAE04EC0-301F-11D3-BF4B-00C04F79EFBC}") = "project_3-2_travel_time_calculator", "project_3-2_travel_time_calculator\project_3-2_travel_time_calculator.csproj", "{C6AD5489-C12B-4FC1-B7D4-A833511CEDAF}"
EndProject
Global
	GlobalSection(SolutionConfigurationPlatforms) = preSolution
		Debug|Any CPU = Debug|Any CPU
		Release|Any CPU = Release|Any CPU
	EndGlobalSection
	GlobalSection(ProjectConfigurationPlatforms) = postSolution
		{C6AD5489-C12B-4FC1-B7D4-A833511CEDAF}.Debug|Any CPU.ActiveCfg = Debug|Any CPU
		{C6AD5489-C12B-4FC1-B7D4-A833511CEDAF}.Debug|Any CPU.Build.0 = Debug|Any CPU
		{C6AD5489-C12B-4FC1-B7D4-A833511CEDAF}.Release|Any CPU.ActiveCfg = Release|Any CPU
		{C6AD5489-C12B-4FC1-B7D4-A833511CEDAF}.Release|Any CPU.Build.0 = Release|Any CPU
	EndGlobalSection
EndGlobal
